
Microsoft Visual Studio Solution File, Format Version 12.00
# Visual Studio Version 16
VisualStudioVersion = 16.0.30804.86
MinimumVisualStudioVersion = 10.0.40219.1
Project("{FAE04EC0-301F-11D3-BF4B-00C04F79EFBC}") = "p24-euler", "p24-euler.csproj", "{A35917E9-6519-4A83-B079-9BDB2038E61A}"
EndProject
Project("{FAE04EC0-301F-11D3-BF4B-00C04F79EFBC}") = "p24-euler-Tests", "..\p24-euler-Tests\p24-euler-Tests.csproj", "{83053735-A26E-4C64-92D2-9EC028649A90}"
EndProject
Global
	GlobalSection(SolutionConfigurationPlatforms) = preSolution
		Debug|Any CPU = Debug|Any CPU
		Release|Any CPU = Release|Any CPU
	EndGlobalSection
	GlobalSection(ProjectConfigurationPlatforms) = postSolution
		{A35917E9-6519-4A83-B079-9BDB2038E61A}.Debug|Any CPU.ActiveCfg = Debug|Any CPU
		{A35917E9-6519-4A83-B079-9BDB2038E61A}.Debug|Any CPU.Build.0 = Debug|Any CPU
		{A35917E9-6519-4A83-B079-9BDB2038E61A}.Release|Any CPU.ActiveCfg = Release|Any CPU
		{A35917E9-6519-4A83-B079-9BDB2038E61A}.Release|Any CPU.Build.0 = Release|Any CPU
		{83053735-A26E-4C64-92D2-9EC028649A90}.Debug|Any CPU.ActiveCfg = Debug|Any CPU
		{83053735-A26E-4C64-92D2-9EC028649A90}.Debug|Any CPU.Build.0 = Debug|Any CPU
		{83053735-A26E-4C64-92D2-9EC028649A90}.Release|Any CPU.ActiveCfg = Release|Any CPU
		{83053735-A26E-4C64-92D2-9EC028649A90}.Release|Any CPU.Build.0 = Release|Any CPU
	EndGlobalSection
	GlobalSection(SolutionProperties) = preSolution
		HideSolutionNode = FALSE
	EndGlobalSection
	GlobalSection(ExtensibilityGlobals) = postSolution
		SolutionGuid = {5A9DFC4E-D7C1-48F9-9A21-99B443F5E8E6}
	EndGlobalSection
EndGlobal
